
Microsoft Visual Studio Solution File, Format Version 12.00
# Visual Studio Version 17
VisualStudioVersion = 17.5.33414.496
MinimumVisualStudioVersion = 10.0.40219.1
Project("{FAE04EC0-301F-11D3-BF4B-00C04F79EFBC}") = "one", "one\one.csproj", "{EF6120AA-740B-4A58-B040-0AE509C67580}"
EndProject
Global
	GlobalSection(SolutionConfigurationPlatforms) = preSolution
		Debug|Any CPU = Debug|Any CPU
		Release|Any CPU = Release|Any CPU
	EndGlobalSection
	GlobalSection(ProjectConfigurationPlatforms) = postSolution
		{EF6120AA-740B-4A58-B040-0AE509C67580}.Debug|Any CPU.ActiveCfg = Debug|Any CPU
		{EF6120AA-740B-4A58-B040-0AE509C67580}.Debug|Any CPU.Build.0 = Debug|Any CPU
		{EF6120AA-740B-4A58-B040-0AE509C67580}.Release|Any CPU.ActiveCfg = Release|Any CPU
		{EF6120AA-740B-4A58-B040-0AE509C67580}.Release|Any CPU.Build.0 = Release|Any CPU
	EndGlobalSection
	GlobalSection(SolutionProperties) = preSolution
		HideSolutionNode = FALSE
	EndGlobalSection
	GlobalSection(ExtensibilityGlobals) = postSolution
		SolutionGuid = {BC889F0A-6B17-4BDC-9C98-4F06DCBF66B5}
	EndGlobalSection
EndGlobal
